{
  "name": "@shopfront/bridge",
  "version": "0.8.0",
  "lockfileVersion": 1,
  "requires": true,
  "dependencies": {
    "@shopfront/lumberjack": {
      "version": "0.4.0",
      "resolved": "https://registry.npmjs.org/@shopfront/lumberjack/-/lumberjack-0.4.0.tgz",
      "integrity": "sha512-M9cIdiW43msCatLBA9/Tjq+LG+gt3vGsEihNApHTZg9mcOEwETrFQO9oHl7ck+VJVipHEwcabspL3eZCtOwPfQ=="
    },
    "typescript": {
      "version": "3.7.4",
      "resolved": "https://registry.npmjs.org/typescript/-/typescript-3.7.4.tgz",
      "integrity": "sha512-A25xv5XCtarLwXpcDNZzCGvW2D1S3/bACratYBx2sax8PefsFhlYmkQicKHvpYflFS8if4zne5zT5kpJ7pzuvw==",
      "dev": true
    }
  }
}
